
Microsoft Visual Studio Solution File, Format Version 12.00
# Visual Studio Version 17
VisualStudioVersion = 17.0.32014.148
MinimumVisualStudioVersion = 10.0.40219.1
Project("{FAE04EC0-301F-11D3-BF4B-00C04F79EFBC}") = "Job Rotation  - São Paulo 05", "Job Rotation  - São Paulo 05\Job Rotation  - São Paulo 05.csproj", "{5E540E93-A8E5-4ABB-A66B-ADC84ABBC835}"
EndProject
Global
	GlobalSection(SolutionConfigurationPlatforms) = preSolution
		Debug|Any CPU = Debug|Any CPU
		Release|Any CPU = Release|Any CPU
	EndGlobalSection
	GlobalSection(ProjectConfigurationPlatforms) = postSolution
		{5E540E93-A8E5-4ABB-A66B-ADC84ABBC835}.Debug|Any CPU.ActiveCfg = Debug|Any CPU
		{5E540E93-A8E5-4ABB-A66B-ADC84ABBC835}.Debug|Any CPU.Build.0 = Debug|Any CPU
		{5E540E93-A8E5-4ABB-A66B-ADC84ABBC835}.Release|Any CPU.ActiveCfg = Release|Any CPU
		{5E540E93-A8E5-4ABB-A66B-ADC84ABBC835}.Release|Any CPU.Build.0 = Release|Any CPU
	EndGlobalSection
	GlobalSection(SolutionProperties) = preSolution
		HideSolutionNode = FALSE
	EndGlobalSection
	GlobalSection(ExtensibilityGlobals) = postSolution
		SolutionGuid = {C9673E7A-FBDA-40F1-B91A-D3E4A06268C5}
	EndGlobalSection
EndGlobal
