
Microsoft Visual Studio Solution File, Format Version 12.00
# Visual Studio Version 17
VisualStudioVersion = 17.0.32014.148
MinimumVisualStudioVersion = 10.0.40219.1
Project("{FAE04EC0-301F-11D3-BF4B-00C04F79EFBC}") = "Job Rotation - São Paulo 01", "Job Rotation - São Paulo 01\Job Rotation - São Paulo 01.csproj", "{7268C845-4451-43F3-8816-60E57F0BF1DF}"
EndProject
Global
	GlobalSection(SolutionConfigurationPlatforms) = preSolution
		Debug|Any CPU = Debug|Any CPU
		Release|Any CPU = Release|Any CPU
	EndGlobalSection
	GlobalSection(ProjectConfigurationPlatforms) = postSolution
		{7268C845-4451-43F3-8816-60E57F0BF1DF}.Debug|Any CPU.ActiveCfg = Debug|Any CPU
		{7268C845-4451-43F3-8816-60E57F0BF1DF}.Debug|Any CPU.Build.0 = Debug|Any CPU
		{7268C845-4451-43F3-8816-60E57F0BF1DF}.Release|Any CPU.ActiveCfg = Release|Any CPU
		{7268C845-4451-43F3-8816-60E57F0BF1DF}.Release|Any CPU.Build.0 = Release|Any CPU
	EndGlobalSection
	GlobalSection(SolutionProperties) = preSolution
		HideSolutionNode = FALSE
	EndGlobalSection
	GlobalSection(ExtensibilityGlobals) = postSolution
		SolutionGuid = {9E02A413-2AF6-4AAD-886D-B7A1904A42A9}
	EndGlobalSection
EndGlobal
